// !$*UTF8*$!
{
	archiveVersion = 1;
	classes = {
	};
	objectVersion = 46;
	objects = {

/* Begin PBXBuildFile section */
		CF105FD41EED13A900C7C87C /* AppDelegate.swift in Sources */ = {isa = PBXBuildFile; fileRef = CF105FD31EED13A900C7C87C /* AppDelegate.swift */; };
		CF105FD61EED13A900C7C87C /* ViewController.swift in Sources */ = {isa = PBXBuildFile; fileRef = CF105FD51EED13A900C7C87C /* ViewController.swift */; };
		CF105FD91EED13A900C7C87C /* Main.storyboard in Resources */ = {isa = PBXBuildFile; fileRef = CF105FD71EED13A900C7C87C /* Main.storyboard */; };
		CF105FDB1EED13A900C7C87C /* \.xcassets in Resources */ = {isa = PBXBuildFile; fileRef = CF105FDA1EED13A900C7C87C /* \.xcassets */; };
		CF105FDE1EED13A900C7C87C /* LaunchScreen.storyboard in Resources */ = {isa = PBXBuildFile; fileRef = CF105FDC1EED13A900C7C87C /* LaunchScreen.storyboard */; };
		CF105FEA1EED13FC00C7C87C /* Box.png in Resources */ = {isa = PBXBuildFile; fileRef = CF105FE71EED13FC00C7C87C /* Box.png */; };
		CF105FEC1EED6DD100C7C87C /* Group.png in Resources */ = {isa = PBXBuildFile; fileRef = CF105FEB1EED6DD100C7C87C /* Group.png */; };
		CF1836721F540FBC00BD5CA7 /* corss.png in Resources */ = {isa = PBXBuildFile; fileRef = CF1836701F540FBC00BD5CA7 /* corss.png */; };
		CF1836731F540FBC00BD5CA7 /* round.png in Resources */ = {isa = PBXBuildFile; fileRef = CF1836711F540FBC00BD5CA7 /* round.png */; };
		CFA612D61EF75F0600421FB6 /* Giraffe1.png in Resources */ = {isa = PBXBuildFile; fileRef = CFA612D31EF75F0600421FB6 /* Giraffe1.png */; };
		CFA612D71EF75F0600421FB6 /* Giraffe2.png in Resources */ = {isa = PBXBuildFile; fileRef = CFA612D41EF75F0600421FB6 /* Giraffe2.png */; };
		CFA612D81EF75F0600421FB6 /* Giraffe3.png in Resources */ = {isa = PBXBuildFile; fileRef = CFA612D51EF75F0600421FB6 /* Giraffe3.png */; };
/* End PBXBuildFile section */

/* Begin PBXFileReference section */
		CF105FD01EED13A900C7C87C /* PlayCorssAndRound.app */ = {isa = PBXFileReference; explicitFileType = wrapper.application; includeInIndex = 0; path = PlayCorssAndRound.app; sourceTree = BUILT_PRODUCTS_DIR; };
		CF105FD31EED13A900C7C87C /* AppDelegate.swift */ = {isa = PBXFileReference; lastKnownFileType = sourcecode.swift; path = AppDelegate.swift; sourceTree = "<group>"; };
		CF105FD51EED13A900C7C87C /* ViewController.swift */ = {isa = PBXFileReference; lastKnownFileType = sourcecode.swift; path = ViewController.swift; sourceTree = "<group>"; };
		CF105FD81EED13A900C7C87C /* Base */ = {isa = PBXFileReference; lastKnownFileType = file.storyboard; name = Base; path = Base.lproj/Main.storyboard; sourceTree = "<group>"; };
		CF105FDA1EED13A900C7C87C /* \.xcassets */ = {isa = PBXFileReference; lastKnownFileType = folder.assetcatalog; path = "\\.xcassets"; sourceTree = "<group>"; };
		CF105FDD1EED13A900C7C87C /* Base */ = {isa = PBXFileReference; lastKnownFileType = file.storyboard; name = Base; path = Base.lproj/LaunchScreen.storyboard; sourceTree = "<group>"; };
		CF105FDF1EED13A900C7C87C /* Info.plist */ = {isa = PBXFileReference; lastKnownFileType = text.plist.xml; path = Info.plist; sourceTree = "<group>"; };
		CF105FE71EED13FC00C7C87C /* Box.png */ = {isa = PBXFileReference; lastKnownFileType = image.png; path = Box.png; sourceTree = "<group>"; };
		CF105FEB1EED6DD100C7C87C /* Group.png */ = {isa = PBXFileReference; lastKnownFileType = image.png; path = Group.png; sourceTree = "<group>"; };
		CF1836701F540FBC00BD5CA7 /* corss.png */ = {isa = PBXFileReference; lastKnownFileType = image.png; path = corss.png; sourceTree = "<group>"; };
		CF1836711F540FBC00BD5CA7 /* round.png */ = {isa = PBXFileReference; lastKnownFileType = image.png; path = round.png; sourceTree = "<group>"; };
		CFA612D31EF75F0600421FB6 /* Giraffe1.png */ = {isa = PBXFileReference; lastKnownFileType = image.png; name = Giraffe1.png; path = "圖片/Giraffe1.png"; sourceTree = SOURCE_ROOT; };
		CFA612D41EF75F0600421FB6 /* Giraffe2.png */ = {isa = PBXFileReference; lastKnownFileType = image.png; name = Giraffe2.png; path = "圖片/Giraffe2.png"; sourceTree = SOURCE_ROOT; };
		CFA612D51EF75F0600421FB6 /* Giraffe3.png */ = {isa = PBXFileReference; lastKnownFileType = image.png; name = Giraffe3.png; path = "圖片/Giraffe3.png"; sourceTree = SOURCE_ROOT; };
/* End PBXFileReference section */

/* Begin PBXFrameworksBuildPhase section */
		CF105FCD1EED13A900C7C87C /* Frameworks */ = {
			isa = PBXFrameworksBuildPhase;
			buildActionMask = 2147483647;
			files = (
			);
			runOnlyForDeploymentPostprocessing = 0;
		};
/* End PBXFrameworksBuildPhase section */

/* Begin PBXGroup section */
		CF105FC71EED13A800C7C87C = {
			isa = PBXGroup;
			children = (
				CF105FD21EED13A900C7C87C /* PlayCorssAndRound */,
				CF105FD11EED13A900C7C87C /* Products */,
			);
			sourceTree = "<group>";
		};
		CF105FD11EED13A900C7C87C /* Products */ = {
			isa = PBXGroup;
			children = (
				CF105FD01EED13A900C7C87C /* PlayCorssAndRound.app */,
			);
			name = Products;
			sourceTree = "<group>";
		};
		CF105FD21EED13A900C7C87C /* PlayCorssAndRound */ = {
			isa = PBXGroup;
			children = (
				CF105FD31EED13A900C7C87C /* AppDelegate.swift */,
				CF105FD51EED13A900C7C87C /* ViewController.swift */,
				CF105FD71EED13A900C7C87C /* Main.storyboard */,
				CF105FDA1EED13A900C7C87C /* \.xcassets */,
				CF105FDC1EED13A900C7C87C /* LaunchScreen.storyboard */,
				CF105FDF1EED13A900C7C87C /* Info.plist */,
				CF1836701F540FBC00BD5CA7 /* corss.png */,
				CF1836711F540FBC00BD5CA7 /* round.png */,
				CF105FE71EED13FC00C7C87C /* Box.png */,
				CF105FEB1EED6DD100C7C87C /* Group.png */,
				CFA612D31EF75F0600421FB6 /* Giraffe1.png */,
				CFA612D41EF75F0600421FB6 /* Giraffe2.png */,
				CFA612D51EF75F0600421FB6 /* Giraffe3.png */,
			);
			path = PlayCorssAndRound;
			sourceTree = "<group>";
		};
/* End PBXGroup section */

/* Begin PBXNativeTarget section */
		CF105FCF1EED13A900C7C87C /* PlayCorssAndRound */ = {
			isa = PBXNativeTarget;
			buildConfigurationList = CF105FE21EED13A900C7C87C /* Build configuration list for PBXNativeTarget "PlayCorssAndRound" */;
			buildPhases = (
				CF105FCC1EED13A900C7C87C /* Sources */,
				CF105FCD1EED13A900C7C87C /* Frameworks */,
				CF105FCE1EED13A900C7C87C /* Resources */,
			);
			buildRules = (
			);
			dependencies = (
			);
			name = PlayCorssAndRound;
			productName = PlayCorssAndRound;
			productReference = CF105FD01EED13A900C7C87C /* PlayCorssAndRound.app */;
			productType = "com.apple.product-type.application";
		};
/* End PBXNativeTarget section */

/* Begin PBXProject section */
		CF105FC81EED13A800C7C87C /* Project object */ = {
			isa = PBXProject;
			attributes = {
				LastSwiftUpdateCheck = 0830;
				LastUpgradeCheck = 0830;
				ORGANIZATIONNAME = "黃柏恩";
				TargetAttributes = {
					CF105FCF1EED13A900C7C87C = {
						CreatedOnToolsVersion = 8.3.2;
						DevelopmentTeam = FEBUVZMYW4;
						ProvisioningStyle = Automatic;
					};
				};
			};
			buildConfigurationList = CF105FCB1EED13A800C7C87C /* Build configuration list for PBXProject "PlayCorssAndRound" */;
			compatibilityVersion = "Xcode 3.2";
			developmentRegion = English;
			hasScannedForEncodings = 0;
			knownRegions = (
				en,
				Base,
			);
			mainGroup = CF105FC71EED13A800C7C87C;
			productRefGroup = CF105FD11EED13A900C7C87C /* Products */;
			projectDirPath = "";
			projectRoot = "";
			targets = (
				CF105FCF1EED13A900C7C87C /* PlayCorssAndRound */,
			);
		};
/* End PBXProject section */

/* Begin PBXResourcesBuildPhase section */
		CF105FCE1EED13A900C7C87C /* Resources */ = {
			isa = PBXResourcesBuildPhase;
			buildActionMask = 2147483647;
			files = (
				CF1836731F540FBC00BD5CA7 /* round.png in Resources */,
				CF105FEC1EED6DD100C7C87C /* Group.png in Resources */,
				CF105FDE1EED13A900C7C87C /* LaunchScreen.storyboard in Resources */,
				CF105FDB1EED13A900C7C87C /* \.xcassets in Resources */,
				CFA612D61EF75F0600421FB6 /* Giraffe1.png in Resources */,
				CF1836721F540FBC00BD5CA7 /* corss.png in Resources */,
				CF105FEA1EED13FC00C7C87C /* Box.png in Resources */,
				CF105FD91EED13A900C7C87C /* Main.storyboard in Resources */,
				CFA612D81EF75F0600421FB6 /* Giraffe3.png in Resources */,
				CFA612D71EF75F0600421FB6 /* Giraffe2.png in Resources */,
			);
			runOnlyForDeploymentPostprocessing = 0;
		};
/* End PBXResourcesBuildPhase section */

/* Begin PBXSourcesBuildPhase section */
		CF105FCC1EED13A900C7C87C /* Sources */ = {
			isa = PBXSourcesBuildPhase;
			buildActionMask = 2147483647;
			files = (
				CF105FD61EED13A900C7C87C /* ViewController.swift in Sources */,
				CF105FD41EED13A900C7C87C /* AppDelegate.swift in Sources */,
			);
			runOnlyForDeploymentPostprocessing = 0;
		};
/* End PBXSourcesBuildPhase section */

/* Begin PBXVariantGroup section */
		CF105FD71EED13A900C7C87C /* Main.storyboard */ = {
			isa = PBXVariantGroup;
			children = (
				CF105FD81EED13A900C7C87C /* Base */,
			);
			name = Main.storyboard;
			sourceTree = "<group>";
		};
		CF105FDC1EED13A900C7C87C /* LaunchScreen.storyboard */ = {
			isa = PBXVariantGroup;
			children = (
				CF105FDD1EED13A900C7C87C /* Base */,
			);
			name = LaunchScreen.storyboard;
			sourceTree = "<group>";
		};
/* End PBXVariantGroup section */

/* Begin XCBuildConfiguration section */
		CF105FE01EED13A900C7C87C /* Debug */ = {
			isa = XCBuildConfiguration;
			buildSettings = {
				ALWAYS_SEARCH_USER_PATHS = NO;
				CLANG_ANALYZER_NONNULL = YES;
				CLANG_ANALYZER_NUMBER_OBJECT_CONVERSION = YES_AGGRESSIVE;
				CLANG_CXX_LANGUAGE_STANDARD = "gnu++0x";
				CLANG_CXX_LIBRARY = "libc++";
				CLANG_ENABLE_MODULES = YES;
				CLANG_ENABLE_OBJC_ARC = YES;
				CLANG_WARN_BOOL_CONVERSION = YES;
				CLANG_WARN_CONSTANT_CONVERSION = YES;
				CLANG_WARN_DIRECT_OBJC_ISA_USAGE = YES_ERROR;
				CLANG_WARN_DOCUMENTATION_COMMENTS = YES;
				CLANG_WARN_EMPTY_BODY = YES;
				CLANG_WARN_ENUM_CONVERSION = YES;
				CLANG_WARN_INFINITE_RECURSION = YES;
				CLANG_WARN_INT_CONVERSION = YES;
				CLANG_WARN_OBJC_ROOT_CLASS = YES_ERROR;
				CLANG_WARN_SUSPICIOUS_MOVE = YES;
				CLANG_WARN_UNREACHABLE_CODE = YES;
				CLANG_WARN__DUPLICATE_METHOD_MATCH = YES;
				"CODE_SIGN_IDENTITY[sdk=iphoneos*]" = "iPhone Developer";
				COPY_PHASE_STRIP = NO;
				DEBUG_INFORMATION_FORMAT = dwarf;
				ENABLE_STRICT_OBJC_MSGSEND = YES;
				ENABLE_TESTABILITY = YES;
				GCC_C_LANGUAGE_STANDARD = gnu99;
				GCC_DYNAMIC_NO_PIC = NO;
				GCC_NO_COMMON_BLOCKS = YES;
				GCC_OPTIMIZATION_LEVEL = 0;
				GCC_PREPROCESSOR_DEFINITIONS = (
					"DEBUG=1",
					"$(inherited)",
				);
				GCC_WARN_64_TO_32_BIT_CONVERSION = YES;
				GCC_WARN_ABOUT_RETURN_TYPE = YES_ERROR;
				GCC_WARN_UNDECLARED_SELECTOR = YES;
				GCC_WARN_UNINITIALIZED_AUTOS = YES_AGGRESSIVE;
				GCC_WARN_UNUSED_FUNCTION = YES;
				GCC_WARN_UNUSED_VARIABLE = YES;
				IPHONEOS_DEPLOYMENT_TARGET = 10.3;
				MTL_ENABLE_DEBUG_INFO = YES;
				ONLY_ACTIVE_ARCH = YES;
				SDKROOT = iphoneos;
				SWIFT_ACTIVE_COMPILATION_CONDITIONS = DEBUG;
				SWIFT_OPTIMIZATION_LEVEL = "-Onone";
				TARGETED_DEVICE_FAMILY = "1,2";
			};
			name = Debug;
		};
		CF105FE11EED13A900C7C87C /* Release */ = {
			isa = XCBuildConfiguration;
			buildSettings = {
				ALWAYS_SEARCH_USER_PATHS = NO;
				CLANG_ANALYZER_NONNULL = YES;
				CLANG_ANALYZER_NUMBER_OBJECT_CONVERSION = YES_AGGRESSIVE;
				CLANG_CXX_LANGUAGE_STANDARD = "gnu++0x";
				CLANG_CXX_LIBRARY = "libc++";
				CLANG_ENABLE_MODULES = YES;
				CLANG_ENABLE_OBJC_ARC = YES;
				CLANG_WARN_BOOL_CONVERSION = YES;
				CLANG_WARN_CONSTANT_CONVERSION = YES;
				CLANG_WARN_DIRECT_OBJC_ISA_USAGE = YES_ERROR;
				CLANG_WARN_DOCUMENTATION_COMMENTS = YES;
				CLANG_WARN_EMPTY_BODY = YES;
				CLANG_WARN_ENUM_CONVERSION = YES;
				CLANG_WARN_INFINITE_RECURSION = YES;
				CLANG_WARN_INT_CONVERSION = YES;
				CLANG_WARN_OBJC_ROOT_CLASS = YES_ERROR;
				CLANG_WARN_SUSPICIOUS_MOVE = YES;
				CLANG_WARN_UNREACHABLE_CODE = YES;
				CLANG_WARN__DUPLICATE_METHOD_MATCH = YES;
				"CODE_SIGN_IDENTITY[sdk=iphoneos*]" = "iPhone Developer";
				COPY_PHASE_STRIP = NO;
				DEBUG_INFORMATION_FORMAT = "dwarf-with-dsym";
				ENABLE_NS_ASSERTIONS = NO;
				ENABLE_STRICT_OBJC_MSGSEND = YES;
				GCC_C_LANGUAGE_STANDARD = gnu99;
				GCC_NO_COMMON_BLOCKS = YES;
				GCC_WARN_64_TO_32_BIT_CONVERSION = YES;
				GCC_WARN_ABOUT_RETURN_TYPE = YES_ERROR;
				GCC_WARN_UNDECLARED_SELECTOR = YES;
				GCC_WARN_UNINITIALIZED_AUTOS = YES_AGGRESSIVE;
				GCC_WARN_UNUSED_FUNCTION = YES;
				GCC_WARN_UNUSED_VARIABLE = YES;
				IPHONEOS_DEPLOYMENT_TARGET = 10.3;
				MTL_ENABLE_DEBUG_INFO = NO;
				SDKROOT = iphoneos;
				SWIFT_OPTIMIZATION_LEVEL = "-Owholemodule";
				TARGETED_DEVICE_FAMILY = "1,2";
				VALIDATE_PRODUCT = YES;
			};
			name = Release;
		};
		CF105FE31EED13A900C7C87C /* Debug */ = {
			isa = XCBuildConfiguration;
			buildSettings = {
				ASSETCATALOG_COMPILER_APPICON_NAME = AppIcon;
				DEVELOPMENT_TEAM = FEBUVZMYW4;
				INFOPLIST_FILE = PlayCorssAndRound/Info.plist;
				IPHONEOS_DEPLOYMENT_TARGET = 9.0;
				LD_RUNPATH_SEARCH_PATHS = "$(inherited) @executable_path/Frameworks";
				PRODUCT_BUNDLE_IDENTIFIER = com.joel.PlayCorssAndRound;
				PRODUCT_NAME = "$(TARGET_NAME)";
				SWIFT_VERSION = 3.0;
				TARGETED_DEVICE_FAMILY = 1;
			};
			name = Debug;
		};
		CF105FE41EED13A900C7C87C /* Release */ = {
			isa = XCBuildConfiguration;
			buildSettings = {
				ASSETCATALOG_COMPILER_APPICON_NAME = AppIcon;
				DEVELOPMENT_TEAM = FEBUVZMYW4;
				INFOPLIST_FILE = PlayCorssAndRound/Info.plist;
				IPHONEOS_DEPLOYMENT_TARGET = 9.0;
				LD_RUNPATH_SEARCH_PATHS = "$(inherited) @executable_path/Frameworks";
				PRODUCT_BUNDLE_IDENTIFIER = com.joel.PlayCorssAndRound;
				PRODUCT_NAME = "$(TARGET_NAME)";
				SWIFT_VERSION = 3.0;
				TARGETED_DEVICE_FAMILY = 1;
			};
			name = Release;
		};
/* End XCBuildConfiguration section */

/* Begin XCConfigurationList section */
		CF105FCB1EED13A800C7C87C /* Build configuration list for PBXProject "PlayCorssAndRound" */ = {
			isa = XCConfigurationList;
			buildConfigurations = (
				CF105FE01EED13A900C7C87C /* Debug */,
				CF105FE11EED13A900C7C87C /* Release */,
			);
			defaultConfigurationIsVisible = 0;
			defaultConfigurationName = Release;
		};
		CF105FE21EED13A900C7C87C /* Build configuration list for PBXNativeTarget "PlayCorssAndRound" */ = {
			isa = XCConfigurationList;
			buildConfigurations = (
				CF105FE31EED13A900C7C87C /* Debug */,
				CF105FE41EED13A900C7C87C /* Release */,
			);
			defaultConfigurationIsVisible = 0;
			defaultConfigurationName = Release;
		};
/* End XCConfigurationList section */
	};
	rootObject = CF105FC81EED13A800C7C87C /* Project object */;
}
